# Generated by inq; do not edit by hand.
format = 1

[[module]]
name = "a-covariant-version-of-verlinde-s-emergent-gravity"

[[module]]
name = "a-critique-of-covariant-emergent-gravity"

[[module]]
name = "a-manifestly-local-theory-of-vacuum-energy-sequestering"

[[module]]
name = "a-method-for-simulating-chiral-fermions-on-the-lattice"

[[module]]
name = "a-new-approach-to-the-evolution-of-cosmological-perturbations-on-large-scales"

[[module]]
name = "a-new-su-2-anomaly"

[[module]]
name = "a-note-on-a-covariant-version-of-verlinde-s-emergent-gravity"

[[module]]
name = "a2-ternary-response"
links = [
  "algebra",
  "binary-information-geometry",
  "causal-scale-theory",
  "conditioning",
  "counterexample-to-the-jacobian-conjecture",
  "hessians",
  "information-and-sufficiency",
  "mathematical-foundations-of-theoretical-statistics",
  "monotone-metrics-on-matrix-spaces",
  "program-core",
  "statistical-mechanical-theory-of-irreversible-processes-i",
  "uniqueness-of-chentsov-metric-quantum-information-geometry",
  "wall-construction-interface",
]

[[module]]
name = "act-dr6-power-spectra-likelihoods-lambda-cdm"

[[module]]
name = "adiabatic-modes-in-cosmology"

[[module]]
name = "algebra"
links = [
  "a2-ternary-response",
  "algebraic-backgrounds",
  "complex-presentation-without-polarization",
  "complex-structure-on-s6",
  "conservation-of-causal-charge",
  "counterexamples-to-the-jacobian-conjecture",
  "descent",
  "ko-dimension-as-morita-class",
  "planar-algebraic-conditional-expectations",
  "program-core",
  "spectral-wall-descent",
  "stacks",
  "sufficient-reason",
  "wall-construction-interface",
]

[[module]]
name = "algebraic-backgrounds"

[[module]]
name = "algebraic-observational-cosmology"

[[module]]
name = "algebraic-quantum-field-theory"

[[module]]
name = "almost-hermitian-structures-on-tangent-bundles"

[[module]]
name = "an-infinite-set-of-ward-identities-for-adiabatic-modes-in-cosmology"

[[module]]
name = "analyticity-and-unitarity-for-cosmological-correlators"

[[module]]
name = "anomalous-galactic-rotation-curves"

[[module]]
name = "anomaly-cancellation-and-gauge-group-of-the-standard-model-in-ncg"

[[module]]
name = "aspects-of-capacity-of-entanglement"

[[module]]
name = "asymptotic-properties-of-fields-and-spacetimes"

[[module]]
name = "axiomatic-quantum-field-theory-in-curved-spacetime"

[[module]]
name = "bells-theorem-from-entropy-geometry"

[[module]]
name = "bianchi-protection-of-the-areal-modulus"
links = [
  "bulk-area-cell-normalization",
  "causal-scale-theory",
  "compatible-with-existing-physics",
  "conservation-of-causal-charge",
  "crossing-evaluated-flat-modulus",
  "deriving-g-v2",
  "deriving-value-of-g",
  "entropic-gravity",
  "flux-record-and-top-form-realizations",
  "noether-conservation",
  "program-core",
  "spectral-wall-descent",
  "wald-zoupas-conserved-quantities",
]

[[module]]
name = "bicep-keck-2018-primordial-gravitational-waves"

[[module]]
name = "binary-information-geometry"
links = [
  "a2-ternary-response",
]

[[module]]
name = "bootstrapping-ncg-dirac-ensembles"

[[module]]
name = "bulk-area-cell-normalization"
links = [
  "causal-scale-theory",
  "conformal-scale-geometry",
  "crossing-evaluated-flat-modulus",
  "deriving-g-v2",
  "deriving-value-of-g",
  "flux-record-and-top-form-realizations",
]

[[module]]
name = "canonical-energy-is-quantum-fisher-information"

[[module]]
name = "cauchy-spectral-envelope"
links = [
  "algebra",
  "causal-wall-spectral-theory",
  "conservation-of-causal-charge",
  "critical-scale-kernels",
  "hessians",
  "lorentzian-kernel-epistemic-envelope",
  "spectral-wall-descent",
]

[[module]]
name = "causal-scale-theory"
links = [
  "a2-ternary-response",
  "algebra",
  "binary-information-geometry",
  "causal-wall-spectral-theory",
  "compatible-with-existing-physics",
  "conformal-scale-geometry",
  "dark-energy-survey-supernova-program-reanalysis",
  "deriving-value-of-g",
  "desi-dr2-results-ii",
  "desi-dr2-results-iv",
  "globular-cluster-age",
  "hessian-response-geometry",
  "hessians",
  "pantheon-plus-analysis-cosmological-constraints",
  "planck-2018-cosmological-parameters",
  "program-core",
  "soldering",
  "wall-construction-interface",
]

[[module]]
name = "causal-wall-spectral-theory"
links = [
  "a-manifestly-local-theory-of-vacuum-energy-sequestering",
  "a-new-approach-to-the-evolution-of-cosmological-perturbations-on-large-scales",
  "act-dr6-power-spectra-likelihoods-lambda-cdm",
  "adiabatic-modes-in-cosmology",
  "algebra",
  "algebraic-observational-cosmology",
  "an-infinite-set-of-ward-identities-for-adiabatic-modes-in-cosmology",
  "bicep-keck-2018-primordial-gravitational-waves",
  "canonical-energy-is-quantum-fisher-information",
  "compatible-with-existing-physics",
  "conformally-invariant-powers-of-the-laplacian-q-curvature-and-tractor-calculus",
  "conservation-of-causal-charge",
  "constraining-holographic-cosmology-using-planck-data",
  "constraining-holographic-inflation-with-wmap",
  "correlation-functions-in-holographic-rg-flows",
  "cosmological-3-point-correlators-from-holography",
  "cosmological-horizons-and-reconstruction-of-quantum-field-theories",
  "critical-scale-kernels",
  "dynamical-locality-and-covariance",
  "entanglement-equilibrium-and-the-einstein-equation",
  "existence-of-local-covariant-time-ordered-products",
  "fractional-conformal-laplacians-and-fractional-yamabe-problems",
  "fractional-laplacian-in-conformal-geometry",
  "generalized-entropy-for-general-subregions-in-quantum-gravity",
  "geometries-of-quantum-states",
  "hessians",
  "holographic-cosmology",
  "holographic-renormalization",
  "holography-for-cosmology",
  "holography-for-inflation-using-conformal-perturbation-theory",
  "local-wick-polynomials-and-time-ordered-products",
  "microlocal-analysis-and-interacting-qft",
  "modular-hamiltonians-on-the-null-plane-and-the-markov-property-of-the-vacuum-state",
  "monotone-riemannian-metrics-and-relative-entropy",
  "non-gaussian-features-of-primordial-fluctuations-in-single-field-inflationary-models",
  "on-fractional-gjms-operators",
  "on-the-power-spectrum-of-inflationary-cosmologies-dual-to-a-deformed-cft",
  "operator-dictionaries-and-wave-functions-in-ads-cft-and-ds-cft",
  "planck-2018-results-ix-constraints-on-primordial-non-gaussianity",
  "planck-2018-results-x-constraints-on-inflation",
  "program-core",
  "pseudo-supersymmetry-and-the-domain-wall-cosmology-correspondence",
  "quantum-contributions-to-cosmological-correlations",
  "quantum-theory-of-gauge-invariant-cosmological-perturbations",
  "relative-entropy-and-the-bekenstein-bound",
  "relative-entropy-for-states-of-von-neumann-algebras-ii",
  "relative-entropy-of-states-of-von-neumann-algebras",
  "relative-hamiltonian-for-faithful-normal-states",
  "scattering-matrix-in-conformal-geometry",
  "spectral-wall-descent",
  "subregion-algebras-in-classical-and-quantum-gravity",
  "sufficient-reason",
  "the-atacama-cosmology-telescope-dr6-constraints-on-extended-cosmological-models",
  "the-generally-covariant-locality-principle-a-new-paradigm-for-local-quantum-physics",
  "wall-construction-interface",
]

[[module]]
name = "coalgebras"
links = [
  "groupoids",
  "sheafs",
  "stacks",
  "sufficient-reason",
  "torsors",
]

[[module]]
name = "comment-on-inconsistencies-in-verlinde-s-emergent-gravity"

[[module]]
name = "comments-on-jacobson-s-entanglement-equilibrium-and-the-einstein-equation"

[[module]]
name = "comparison-of-mond-and-verlinde-s-emergent-gravity-in-dwarf-spheroidals"

[[module]]
name = "compatible-with-existing-physics"
links = [
  "a-new-approach-to-the-evolution-of-cosmological-perturbations-on-large-scales",
  "adiabatic-modes-in-cosmology",
  "an-infinite-set-of-ward-identities-for-adiabatic-modes-in-cosmology",
  "analyticity-and-unitarity-for-cosmological-correlators",
  "axiomatic-quantum-field-theory-in-curved-spacetime",
  "causal-scale-theory",
  "causal-wall-spectral-theory",
  "conformal-scale-geometry",
  "dynamical-locality-and-covariance",
  "ehlers-newtonian-limit",
  "hessians",
  "holography-for-cosmology",
  "non-gaussian-features-of-primordial-fluctuations-in-single-field-inflationary-models",
  "notes-on-some-entanglement-properties-of-quantum-field-theory",
  "on-the-power-spectrum-of-inflationary-cosmologies-dual-to-a-deformed-cft",
  "operator-dictionaries-and-wave-functions-in-ads-cft-and-ds-cft",
  "quantum-contributions-to-cosmological-correlations",
  "quantum-fields-in-curved-spacetime",
  "quantum-theory-of-gauge-invariant-cosmological-perturbations",
  "the-1-loop-effective-potential-for-the-standard-model-in-curved-spacetime",
  "the-generally-covariant-locality-principle-a-new-paradigm-for-local-quantum-physics",
  "wall-construction-interface",
]

[[module]]
name = "complex-presentation-without-polarization"
links = [
  "a2-ternary-response",
  "algebra",
  "complex-structure-on-s6",
  "uniqueness-of-chentsov-metric-quantum-information-geometry",
]

[[module]]
name = "complex-structure-on-s6"

[[module]]
name = "comprehensive-local-hubble-constant-measurement"

[[module]]
name = "conditioning"
links = [
  "a2-ternary-response",
  "wall-construction-interface",
]

[[module]]
name = "conformal-scale-geometry"
links = [
  "cosmodynamics",
  "program-core",
]

[[module]]
name = "conformal-time"
links = [
  "asymptotic-properties-of-fields-and-spacetimes",
  "conformal-scale-geometry",
  "cosmological-perturbation-theory-in-the-synchronous-and-conformal-newtonian-gauges",
  "misner-log-time",
  "quantized-fields-and-particle-creation-i",
  "visual-horizons-in-world-models",
]

[[module]]
name = "conformally-invariant-powers-of-the-laplacian-q-curvature-and-tractor-calculus"

[[module]]
name = "conservation-of-causal-charge"
links = [
  "algebra",
  "binary-information-geometry",
  "causal-wall-spectral-theory",
  "compatible-with-existing-physics",
  "conformal-scale-geometry",
  "cosmodynamics",
  "deriving-value-of-g",
  "descent",
  "groupoids",
  "hessians",
  "program-core",
  "soldering",
  "spectral-wall-descent",
  "stacks",
  "sufficient-reason",
  "torsors",
]

[[module]]
name = "conservative-entropic-forces"

[[module]]
name = "constraining-holographic-cosmology-using-planck-data"

[[module]]
name = "constraining-holographic-inflation-with-wmap"

[[module]]
name = "correlation-functions-in-holographic-rg-flows"

[[module]]
name = "cosmodynamics"
links = [
  "causal-scale-theory",
  "causal-wall-spectral-theory",
  "compatible-with-existing-physics",
  "conformal-scale-geometry",
  "conformal-time",
  "deriving-fine-structure-constant",
  "deriving-value-of-g",
  "minimal-cosmodynamic-closure",
  "misner-log-time",
  "program-core",
  "sufficient-reason",
  "wall-construction-interface",
]

[[module]]
name = "cosmological-3-point-correlators-from-holography"

[[module]]
name = "cosmological-constant-and-general-covariance"

[[module]]
name = "cosmological-horizons-and-reconstruction-of-quantum-field-theories"

[[module]]
name = "cosmological-perturbation-theory-in-the-synchronous-and-conformal-newtonian-gauges"

[[module]]
name = "counterexample-to-the-jacobian-conjecture"

[[module]]
name = "counterexamples-to-the-jacobian-conjecture"

[[module]]
name = "covariant-cq-path-integrals"

[[module]]
name = "critical-scale-kernels"
links = [
  "fractional-conformal-laplacians-and-fractional-yamabe-problems",
  "fractional-laplacian-in-conformal-geometry",
  "hessians",
  "on-fractional-gjms-operators",
  "on-the-power-spectrum-of-inflationary-cosmologies-dual-to-a-deformed-cft",
  "program-core",
  "scattering-matrix-in-conformal-geometry",
  "wall-construction-interface",
]

[[module]]
name = "crossing-evaluated-flat-modulus"
links = [
  "bianchi-protection-of-the-areal-modulus",
  "bulk-area-cell-normalization",
  "causal-scale-theory",
  "conservation-of-causal-charge",
  "deriving-g-v2",
  "fibers",
  "flux-record-and-top-form-realizations",
  "misner-log-time",
  "program-core",
  "sufficient-reason",
]

[[module]]
name = "dark-energy-and-acceleration"
links = [
  "binary-information-geometry",
  "causal-scale-theory",
  "causal-wall-spectral-theory",
  "compatible-with-existing-physics",
  "conformal-scale-geometry",
  "conformal-time",
  "cosmodynamics",
  "deriving-value-of-g",
  "desi-dr2-results-ii",
  "desi-dr2-results-iv",
  "on-desi-dr2-exclusion-of-lambda-cdm",
  "program-core",
  "scale-as-modular-observable",
  "spectral-wall-descent",
  "wall-construction-interface",
]

[[module]]
name = "dark-energy-survey-supernova-program-reanalysis"

[[module]]
name = "de-sitter-observables-algebra"

[[module]]
name = "deformations-of-half-sided-modular-inclusions-and-non-local-chiral-field-theories"

[[module]]
name = "deriving-fine-structure-constant"
links = [
  "deriving-value-of-g",
]

[[module]]
name = "deriving-g-v2"
links = [
  "algebra",
  "anomalous-galactic-rotation-curves",
  "causal-scale-theory",
  "compatible-with-existing-physics",
  "conservation-of-causal-charge",
  "covariant-cq-path-integrals",
  "de-sitter-observables-algebra",
  "deriving-value-of-g",
  "emergent-gravity-and-the-dark-universe",
  "entropic-gravity",
  "gravity-and-the-crossed-product",
  "linearization-instabilities-and-crossed-products",
  "ncg-standard-model-neutrino-mixing",
  "noether-conservation",
  "noncommutative-flow-of-weights",
  "on-the-origin-of-gravity-and-the-laws-of-newton",
  "phantom-cold-dark-matter",
  "planck-2018-cosmological-parameters",
  "postquantum-gravity",
  "program-core",
  "renormalisation-of-postquantum-gravity",
  "spectral-wall-descent",
  "sufficient-reason",
  "thermodynamics-of-spacetime-the-einstein-equation-of-state",
  "wall-construction-interface",
  "why-the-standard-model",
]

[[module]]
name = "deriving-value-of-g"
links = [
  "a-manifestly-local-theory-of-vacuum-energy-sequestering",
  "aspects-of-capacity-of-entanglement",
  "binary-information-geometry",
  "canonical-energy-is-quantum-fisher-information",
  "causal-scale-theory",
  "compatible-with-existing-physics",
  "conformal-scale-geometry",
  "cosmodynamics",
  "deformations-of-half-sided-modular-inclusions-and-non-local-chiral-field-theories",
  "entanglement-equilibrium-and-the-einstein-equation",
  "extension-of-borchers-structure-theorem",
  "fine-structure-constant-from-first-principles",
  "fundamental-constants",
  "hessians",
  "holographic-map-as-conditional-expectation",
  "introduction-to-effective-field-theories",
  "minimal-index-and-matrix-dimension-finite-centers",
  "planar-algebraic-conditional-expectations",
  "principle-of-least-action",
  "program-core",
  "quanta-of-geometry",
  "relative-entropy-and-subalgebra-index",
  "relative-entropy-and-the-bekenstein-bound",
  "scale-as-modular-observable",
  "some-properties-of-noether-charge-and-a-proposal-for-dynamical-black-hole-entropy",
  "spectral-wall-descent",
  "subregion-algebras-in-classical-and-quantum-gravity",
  "thermodynamics-of-spacetime-the-einstein-equation-of-state",
  "wall-construction-interface",
]

[[module]]
name = "descent"
links = [
  "causal-wall-spectral-theory",
  "cosmodynamics",
  "fibers",
  "gluing",
  "groupoids",
  "sheafs",
  "soldering",
  "stacks",
  "torsors",
]

[[module]]
name = "desi-dr2-results-ii"

[[module]]
name = "desi-dr2-results-iv"

[[module]]
name = "determinant-line-bundles-revisited"

[[module]]
name = "dynamical-locality-and-covariance"

[[module]]
name = "ehlers-newtonian-limit"

[[module]]
name = "emergent-gravity-and-the-dark-universe"

[[module]]
name = "emergent-gravity-in-galaxies-and-in-the-solar-system"

[[module]]
name = "endomorphisms-and-automorphisms-of-locally-covariant-quantum-field-theories"

[[module]]
name = "entanglement-entropy-excited-states-einstein-equation"

[[module]]
name = "entanglement-equilibrium-and-the-einstein-equation"

[[module]]
name = "entanglement-equilibrium-for-higher-order-gravity"

[[module]]
name = "entropic-gravity"
links = [
  "a-covariant-version-of-verlinde-s-emergent-gravity",
  "a-critique-of-covariant-emergent-gravity",
  "a-note-on-a-covariant-version-of-verlinde-s-emergent-gravity",
  "comment-on-inconsistencies-in-verlinde-s-emergent-gravity",
  "comments-on-jacobson-s-entanglement-equilibrium-and-the-einstein-equation",
  "comparison-of-mond-and-verlinde-s-emergent-gravity-in-dwarf-spheroidals",
  "compatible-with-existing-physics",
  "conservation-of-causal-charge",
  "conservative-entropic-forces",
  "emergent-gravity-and-the-dark-universe",
  "emergent-gravity-in-galaxies-and-in-the-solar-system",
  "entanglement-entropy-excited-states-einstein-equation",
  "entanglement-equilibrium-and-the-einstein-equation",
  "entanglement-equilibrium-for-higher-order-gravity",
  "entropic-gravity-entropy-postulate-screens-quantum-mechanics",
  "equilibrium-to-einstein-entanglement-thermodynamics-and-gravity",
  "field-equations-and-particle-motion-in-covariant-emergent-gravity",
  "first-weak-lensing-test-of-emergent-gravity",
  "gravitation-and-vacuum-entanglement-entropy",
  "gravitational-thermodynamics-of-causal-diamonds-in-a-ds",
  "gravity-is-not-an-entropic-force",
  "inconsistencies-in-verlinde-s-emergent-gravity",
  "kids-1000-weak-lensing-radial-acceleration-relation",
  "non-equilibrium-thermodynamics-of-spacetime",
  "on-the-origin-of-gravity-and-the-laws-of-newton",
  "scale-as-modular-observable",
  "smacs-j0723-test-of-emergent-gravity",
  "sparc-mass-models-for-175-disk-galaxies",
  "testing-emergent-gravity-on-galaxy-cluster-scales",
  "testing-emergent-gravity-with-isolated-dwarf-galaxies",
  "testing-emergent-gravity-with-mass-densities-of-galaxy-clusters",
  "testing-verlinde-s-emergent-gravity-in-early-type-galaxies",
  "testing-verlinde-s-emergent-gravity-with-the-radial-acceleration-relation",
  "the-radial-acceleration-relation-in-rotationally-supported-galaxies",
  "thermodynamics-of-spacetime-the-einstein-equation-of-state",
  "verlinde-s-emergent-gravity-versus-mond-and-the-case-of-dwarf-spheroidals",
]

[[module]]
name = "entropic-gravity-entropy-postulate-screens-quantum-mechanics"

[[module]]
name = "equilibrium-to-einstein-entanglement-thermodynamics-and-gravity"

[[module]]
name = "existence-of-local-covariant-time-ordered-products"

[[module]]
name = "explicit-quantum-calculations-teq"

[[module]]
name = "extension-of-borchers-structure-theorem"

[[module]]
name = "fibers"
links = [
  "compatible-with-existing-physics",
  "cosmodynamics",
  "descent",
  "gluing",
  "scale-as-modular-observable",
  "sheafs",
  "soldering",
  "stacks",
  "torsors",
  "wall-construction-interface",
]

[[module]]
name = "field-equations-and-particle-motion-in-covariant-emergent-gravity"

[[module]]
name = "fine-structure-constant-from-first-principles"

[[module]]
name = "first-weak-lensing-test-of-emergent-gravity"

[[module]]
name = "flux-record-and-top-form-realizations"
links = [
  "algebra",
  "bulk-area-cell-normalization",
  "causal-scale-theory",
  "conservation-of-causal-charge",
  "cosmological-constant-and-general-covariance",
  "deriving-g-v2",
  "deriving-value-of-g",
  "program-core",
  "semiorthogonal-decompositions",
  "spectral-wall-descent",
  "sufficient-reason",
  "wall-construction-interface",
]

[[module]]
name = "fractional-conformal-laplacians-and-fractional-yamabe-problems"

[[module]]
name = "fractional-laplacian-in-conformal-geometry"

[[module]]
name = "from-ncg-to-random-matrix-theory"

[[module]]
name = "functoriality-of-connes-takesaki-flow-of-weights"

[[module]]
name = "fundamental-constants"

[[module]]
name = "gauss-law-and-string-localized-quantum-field-theory"

[[module]]
name = "generalized-entropy-for-general-subregions-in-quantum-gravity"

[[module]]
name = "geometries-of-quantum-states"

[[module]]
name = "geometry-of-the-tangent-bundle"

[[module]]
name = "global-anomalies-in-the-standard-model-s-and-beyond"

[[module]]
name = "globular-cluster-age"

[[module]]
name = "gluing"
links = [
  "compatible-with-existing-physics",
  "cosmodynamics",
  "descent",
  "fibers",
  "sheafs",
  "stacks",
  "torsors",
]

[[module]]
name = "gravitation-and-vacuum-entanglement-entropy"

[[module]]
name = "gravitational-thermodynamics-of-causal-diamonds-in-a-ds"

[[module]]
name = "gravity-and-the-crossed-product"

[[module]]
name = "gravity-is-not-an-entropic-force"

[[module]]
name = "groupoids"
links = [
  "cosmodynamics",
  "descent",
  "gluing",
  "stacks",
  "sufficient-reason",
  "torsors",
]

[[module]]
name = "hessian-response-geometry"
links = [
  "algebra",
  "almost-hermitian-structures-on-tangent-bundles",
  "geometry-of-the-tangent-bundle",
  "hessians",
  "monotone-metrics-on-matrix-spaces",
  "program-core",
  "spectral-wall-descent",
  "transport-collective-motion-and-brownian-motion",
  "uniqueness-of-chentsov-metric-quantum-information-geometry",
]

[[module]]
name = "hessians"
links = [
  "a2-ternary-response",
  "binary-information-geometry",
  "causal-scale-theory",
  "causal-wall-spectral-theory",
  "compatible-with-existing-physics",
  "cosmological-3-point-correlators-from-holography",
  "fibers",
  "geometries-of-quantum-states",
  "gluing",
  "groupoids",
  "holography-for-inflation-using-conformal-perturbation-theory",
  "information-and-sufficiency",
  "mathematical-foundations-of-theoretical-statistics",
  "monotone-metrics-on-matrix-spaces",
  "monotone-riemannian-metrics-and-relative-entropy",
  "program-core",
  "relative-entropy-for-states-of-von-neumann-algebras-ii",
  "relative-entropy-of-states-of-von-neumann-algebras",
  "relative-hamiltonian-for-faithful-normal-states",
  "sheafs",
  "soldering",
  "stacks",
  "statistical-mechanical-theory-of-irreversible-processes-i",
  "uniqueness-of-chentsov-metric-quantum-information-geometry",
  "wall-construction-interface",
]

[[module]]
name = "hodge-atoms-spectral-triples-bps"

[[module]]
name = "holographic-cosmology"
links = [
  "causal-wall-spectral-theory",
  "correlation-functions-in-holographic-rg-flows",
  "cosmological-3-point-correlators-from-holography",
  "holographic-renormalization",
  "holography-for-cosmology",
  "on-the-power-spectrum-of-inflationary-cosmologies-dual-to-a-deformed-cft",
  "operator-dictionaries-and-wave-functions-in-ads-cft-and-ds-cft",
  "program-core",
  "pseudo-supersymmetry-and-the-domain-wall-cosmology-correspondence",
  "wall-construction-interface",
]

[[module]]
name = "holographic-map-as-conditional-expectation"

[[module]]
name = "holographic-renormalization"

[[module]]
name = "holography-for-cosmology"

[[module]]
name = "holography-for-inflation-using-conformal-perturbation-theory"

[[module]]
name = "hyperbolic-counting"
links = [
  "algebra",
  "causal-scale-theory",
  "cosmodynamics",
  "deriving-g-v2",
  "hessian-response-geometry",
  "hessians",
  "misner-log-time",
  "program-core",
]

[[module]]
name = "inconsistencies-in-verlinde-s-emergent-gravity"

[[module]]
name = "indiscernibility-of-identicals"
links = [
  "conservation-of-causal-charge",
  "cosmodynamics",
  "descent",
  "gluing",
  "groupoids",
  "leibniz",
  "sheafs",
  "stacks",
  "sufficient-reason",
  "symmetry-groups-select",
  "torsors",
]

[[module]]
name = "information-and-sufficiency"

[[module]]
name = "introduction"
links = [
  "a2-ternary-response",
  "algebra",
  "causal-scale-theory",
  "causal-wall-spectral-theory",
  "compatible-with-existing-physics",
  "complex-presentation-without-polarization",
  "conditioning",
  "conservation-of-causal-charge",
  "cosmodynamics",
  "dark-energy-and-acceleration",
  "deriving-value-of-g",
  "hessian-response-geometry",
  "hessians",
  "program-core",
  "semiorthogonal-decompositions",
  "spectral-wall-descent",
  "sufficient-reason",
  "wall-construction-interface",
]

[[module]]
name = "introduction-to-effective-field-theories"

[[module]]
name = "kids-1000-weak-lensing-radial-acceleration-relation"

[[module]]
name = "ko-dimension-as-morita-class"
links = [
  "indiscernibility-of-identicals",
  "ncg-standard-model-neutrino-mixing",
  "quanta-of-geometry",
  "sufficient-reason",
  "symmetry-groups-select",
  "the-tenfold-way",
  "why-the-standard-model",
]

[[module]]
name = "l0-regularized-high-dimensional-aft-model"

[[module]]
name = "leibniz"
links = [
  "indiscernibility-of-identicals",
  "sufficient-reason",
]

[[module]]
name = "linearization-instabilities-and-crossed-products"

[[module]]
name = "local-wick-polynomials-and-time-ordered-products"

[[module]]
name = "lorentzian-kernel-epistemic-envelope"

[[module]]
name = "mass-and-gravity-as-dual-readout-sectors"

[[module]]
name = "mathematical-foundations-of-theoretical-statistics"

[[module]]
name = "microlocal-analysis-and-interacting-qft"

[[module]]
name = "minimal-cosmodynamic-closure"
links = [
  "a2-ternary-response",
  "algebra",
  "bianchi-protection-of-the-areal-modulus",
  "binary-information-geometry",
  "bulk-area-cell-normalization",
  "causal-scale-theory",
  "cosmodynamics",
  "crossing-evaluated-flat-modulus",
  "deriving-g-v2",
  "deriving-value-of-g",
  "desi-dr2-results-ii",
  "desi-dr2-results-iv",
  "flux-record-and-top-form-realizations",
  "hyperbolic-counting",
  "planck-2018-cosmological-parameters",
  "program-core",
  "scale-as-modular-observable",
  "spectral-wall-descent",
  "the-grain-of-causal-scale",
  "wall-construction-interface",
]

[[module]]
name = "minimal-index-and-matrix-dimension-finite-centers"

[[module]]
name = "misner-log-time"
links = [
  "conformal-scale-geometry",
  "mixmaster-universe",
  "probabilistic-interpretation-of-the-wave-function-for-the-bianchi-i-model",
  "quantum-cosmology-i",
  "the-mixmaster-cosmological-metrics",
]

[[module]]
name = "mixmaster-universe"

[[module]]
name = "modular-hamiltonians-on-the-null-plane-and-the-markov-property-of-the-vacuum-state"

[[module]]
name = "modular-structure-and-duality-in-conformal-quantum-field-theory"

[[module]]
name = "monotone-metrics-on-matrix-spaces"

[[module]]
name = "monotone-riemannian-metrics-and-relative-entropy"

[[module]]
name = "multi-trace-matrix-models-from-ncg"

[[module]]
name = "ncg-standard-model-neutrino-mixing"

[[module]]
name = "noether-conservation"
links = [
  "conservation-of-causal-charge",
  "indiscernibility-of-identicals",
  "principle-of-least-action",
  "program-core",
  "sufficient-reason",
  "symmetry-principle",
]

[[module]]
name = "non-equilibrium-thermodynamics-of-spacetime"

[[module]]
name = "non-gaussian-features-of-primordial-fluctuations-in-single-field-inflationary-models"

[[module]]
name = "noncommutative-flow-of-weights"

[[module]]
name = "notes-on-some-entanglement-properties-of-quantum-field-theory"

[[module]]
name = "on-desi-dr2-exclusion-of-lambda-cdm"

[[module]]
name = "on-fractional-gjms-operators"

[[module]]
name = "on-the-origin-of-gravity-and-the-laws-of-newton"

[[module]]
name = "on-the-power-spectrum-of-inflationary-cosmologies-dual-to-a-deformed-cft"

[[module]]
name = "operator-algebra-quantum-error-correction"

[[module]]
name = "operator-dictionaries-and-wave-functions-in-ads-cft-and-ds-cft"

[[module]]
name = "operator-valued-weights-without-structure-theory"

[[module]]
name = "owr-singularity-theory-integrable-systems"

[[module]]
name = "pantheon-plus-analysis-cosmological-constraints"

[[module]]
name = "perturbation-and-symmetry-breaking"
links = [
  "causal-wall-spectral-theory",
  "program-core",
]

[[module]]
name = "phantom-cold-dark-matter"

[[module]]
name = "planar-algebraic-conditional-expectations"

[[module]]
name = "planck-2018-cosmological-parameters"

[[module]]
name = "planck-2018-results-ix-constraints-on-primordial-non-gaussianity"

[[module]]
name = "planck-2018-results-x-constraints-on-inflation"

[[module]]
name = "postquantum-gravity"
links = [
  "anomalous-galactic-rotation-curves",
  "causal-wall-spectral-theory",
  "conservation-of-causal-charge",
  "covariant-cq-path-integrals",
  "descent",
  "entropic-gravity",
  "indiscernibility-of-identicals",
  "noether-conservation",
  "phantom-cold-dark-matter",
  "program-core",
  "renormalisation-of-postquantum-gravity",
  "stochastic-modes-in-postquantum-gravity",
  "sufficient-reason",
]

[[module]]
name = "principle-of-least-action"
links = [
  "conformal-scale-geometry",
  "cosmodynamics",
  "noether-conservation",
  "program-core",
  "sufficient-reason",
  "symmetry-groups-select",
  "symmetry-principle",
]

[[module]]
name = "probabilistic-interpretation-of-the-wave-function-for-the-bianchi-i-model"

[[module]]
name = "program-core"
links = [
  "a2-ternary-response",
  "algebra",
  "binary-information-geometry",
  "causal-scale-theory",
  "causal-wall-spectral-theory",
  "conformal-scale-geometry",
  "conservation-of-causal-charge",
  "cosmodynamics",
  "deriving-value-of-g",
  "descent",
  "groupoids",
  "hessian-response-geometry",
  "hessians",
  "indiscernibility-of-identicals",
  "ko-dimension-as-morita-class",
  "ncg-standard-model-neutrino-mixing",
  "principle-of-least-action",
  "quanta-of-geometry",
  "sheafs",
  "soldering",
  "spectral-wall-descent",
  "stacks",
  "sufficient-reason",
  "wall-construction-interface",
]

[[module]]
name = "pseudo-supersymmetry-and-the-domain-wall-cosmology-correspondence"

[[module]]
name = "quanta-of-geometry"

[[module]]
name = "quantized-fields-and-particle-creation-i"

[[module]]
name = "quantum-anomalies-as-algebraic-curvature"

[[module]]
name = "quantum-contributions-to-cosmological-correlations"

[[module]]
name = "quantum-cosmology-i"

[[module]]
name = "quantum-fields-and-motives"

[[module]]
name = "quantum-fields-in-curved-spacetime"

[[module]]
name = "quantum-gravity-coupled-to-matter"

[[module]]
name = "quantum-reference-frames-local-algebra-types"

[[module]]
name = "quantum-theory-of-gauge-invariant-cosmological-perturbations"

[[module]]
name = "relative-entropy-and-subalgebra-index"

[[module]]
name = "relative-entropy-and-the-bekenstein-bound"

[[module]]
name = "relative-entropy-equals-bulk-relative-entropy"

[[module]]
name = "relative-entropy-for-states-of-von-neumann-algebras-ii"

[[module]]
name = "relative-entropy-of-states-of-von-neumann-algebras"

[[module]]
name = "relative-hamiltonian-for-faithful-normal-states"

[[module]]
name = "renormalisation-of-postquantum-gravity"

[[module]]
name = "scale-as-modular-observable"
links = [
  "binary-information-geometry",
  "causal-scale-theory",
  "conformal-scale-geometry",
  "deriving-value-of-g",
  "program-core",
  "soldering",
  "wall-construction-interface",
]

[[module]]
name = "scattering-matrix-in-conformal-geometry"

[[module]]
name = "semiorthogonal-decompositions"
links = [
  "algebra",
  "hodge-atoms-spectral-triples-bps",
  "spectral-wall-descent",
]

[[module]]
name = "sheafs"
links = [
  "compatible-with-existing-physics",
  "cosmodynamics",
  "descent",
  "fibers",
  "gluing",
  "stacks",
  "sufficient-reason",
  "torsors",
]

[[module]]
name = "smacs-j0723-test-of-emergent-gravity"

[[module]]
name = "soldering"
links = [
  "causal-wall-spectral-theory",
  "cosmodynamics",
  "descent",
  "fibers",
  "gluing",
  "hessians",
  "program-core",
  "torsors",
]

[[module]]
name = "some-properties-of-noether-charge-and-a-proposal-for-dynamical-black-hole-entropy"

[[module]]
name = "sparc-mass-models-for-175-disk-galaxies"

[[module]]
name = "spectral-wall-descent"
links = [
  "algebra",
  "binary-information-geometry",
  "canonical-energy-is-quantum-fisher-information",
  "cauchy-spectral-envelope",
  "causal-scale-theory",
  "conservation-of-causal-charge",
  "dark-energy-and-acceleration",
  "de-sitter-observables-algebra",
  "deriving-value-of-g",
  "extension-of-borchers-structure-theorem",
  "generalized-entropy-for-general-subregions-in-quantum-gravity",
  "holographic-cosmology",
  "holographic-map-as-conditional-expectation",
  "holography-for-cosmology",
  "minimal-index-and-matrix-dimension-finite-centers",
  "ncg-standard-model-neutrino-mixing",
  "operator-algebra-quantum-error-correction",
  "planar-algebraic-conditional-expectations",
  "postquantum-gravity",
  "program-core",
  "pseudo-supersymmetry-and-the-domain-wall-cosmology-correspondence",
  "quanta-of-geometry",
  "relative-entropy-and-subalgebra-index",
  "relative-entropy-equals-bulk-relative-entropy",
  "semiorthogonal-decompositions",
  "soldering",
  "subregion-algebras-in-classical-and-quantum-gravity",
  "twisted-spectral-triple-standard-model",
  "wall-construction-interface",
]

[[module]]
name = "stacks"
links = [
  "causal-scale-theory",
  "cosmodynamics",
  "descent",
  "fibers",
  "groupoids",
  "sheafs",
  "soldering",
  "torsors",
]

[[module]]
name = "standard-model-algebra"

[[module]]
name = "standard-model-from-exceptional-jordan-algebra"

[[module]]
name = "statistical-mechanical-theory-of-irreversible-processes-i"

[[module]]
name = "stochastic-modes-in-postquantum-gravity"

[[module]]
name = "subregion-algebras-in-classical-and-quantum-gravity"

[[module]]
name = "sufficient-reason"
links = [
  "causal-wall-spectral-theory",
  "hessians",
  "wall-construction-interface",
]

[[module]]
name = "symmetry-groups-select"
links = [
  "a-method-for-simulating-chiral-fermions-on-the-lattice",
  "a-new-su-2-anomaly",
  "algebraic-quantum-field-theory",
  "anomaly-cancellation-and-gauge-group-of-the-standard-model-in-ncg",
  "binary-information-geometry",
  "causal-scale-theory",
  "causal-wall-spectral-theory",
  "compatible-with-existing-physics",
  "critical-scale-kernels",
  "determinant-line-bundles-revisited",
  "endomorphisms-and-automorphisms-of-locally-covariant-quantum-field-theories",
  "gauss-law-and-string-localized-quantum-field-theory",
  "global-anomalies-in-the-standard-model-s-and-beyond",
  "holographic-cosmology",
  "modular-structure-and-duality-in-conformal-quantum-field-theory",
  "ncg-standard-model-neutrino-mixing",
  "soldering",
  "standard-model-algebra",
  "wall-construction-interface",
]

[[module]]
name = "symmetry-principle"
links = [
  "conservation-of-causal-charge",
  "indiscernibility-of-identicals",
  "noether-conservation",
  "principle-of-least-action",
  "program-core",
  "sufficient-reason",
  "symmetry-groups-select",
]

[[module]]
name = "testing-emergent-gravity-on-galaxy-cluster-scales"

[[module]]
name = "testing-emergent-gravity-with-isolated-dwarf-galaxies"

[[module]]
name = "testing-emergent-gravity-with-mass-densities-of-galaxy-clusters"

[[module]]
name = "testing-verlinde-s-emergent-gravity-in-early-type-galaxies"

[[module]]
name = "testing-verlinde-s-emergent-gravity-with-the-radial-acceleration-relation"

[[module]]
name = "the-1-loop-effective-potential-for-the-standard-model-in-curved-spacetime"

[[module]]
name = "the-atacama-cosmology-telescope-dr6-constraints-on-extended-cosmological-models"

[[module]]
name = "the-generally-covariant-locality-principle-a-new-paradigm-for-local-quantum-physics"

[[module]]
name = "the-grain-of-causal-scale"
links = [
  "a2-ternary-response",
  "algebra",
  "bianchi-protection-of-the-areal-modulus",
  "binary-information-geometry",
  "bulk-area-cell-normalization",
  "conservation-of-causal-charge",
  "cosmodynamics",
  "crossing-evaluated-flat-modulus",
  "deriving-value-of-g",
  "extension-of-borchers-structure-theorem",
  "flux-record-and-top-form-realizations",
  "minimal-cosmodynamic-closure",
  "program-core",
  "quanta-of-geometry",
  "wall-construction-interface",
]

[[module]]
name = "the-mixmaster-cosmological-metrics"

[[module]]
name = "the-radial-acceleration-relation-in-rotationally-supported-galaxies"

[[module]]
name = "the-tenfold-way"

[[module]]
name = "thermodynamics-of-spacetime-the-einstein-equation-of-state"

[[module]]
name = "torsors"
links = [
  "conformal-scale-geometry",
  "descent",
  "gluing",
  "sheafs",
  "soldering",
  "sufficient-reason",
]

[[module]]
name = "transport-collective-motion-and-brownian-motion"

[[module]]
name = "twisted-spectral-triple-standard-model"

[[module]]
name = "uniqueness-of-chentsov-metric-quantum-information-geometry"

[[module]]
name = "verlinde-s-emergent-gravity-versus-mond-and-the-case-of-dwarf-spheroidals"

[[module]]
name = "visual-horizons-in-world-models"

[[module]]
name = "wald-zoupas-conserved-quantities"

[[module]]
name = "wall-construction-interface"
links = [
  "a2-ternary-response",
  "algebra",
  "algebraic-observational-cosmology",
  "binary-information-geometry",
  "causal-scale-theory",
  "conformal-scale-geometry",
  "cosmological-horizons-and-reconstruction-of-quantum-field-theories",
  "de-sitter-observables-algebra",
  "dynamical-locality-and-covariance",
  "generalized-entropy-for-general-subregions-in-quantum-gravity",
  "hessian-response-geometry",
  "hessians",
  "local-wick-polynomials-and-time-ordered-products",
  "microlocal-analysis-and-interacting-qft",
  "modular-hamiltonians-on-the-null-plane-and-the-markov-property-of-the-vacuum-state",
  "noncommutative-flow-of-weights",
  "program-core",
  "relative-entropy-for-states-of-von-neumann-algebras-ii",
  "relative-entropy-of-states-of-von-neumann-algebras",
  "relative-hamiltonian-for-faithful-normal-states",
  "soldering",
  "spectral-wall-descent",
  "subregion-algebras-in-classical-and-quantum-gravity",
  "the-generally-covariant-locality-principle-a-new-paradigm-for-local-quantum-physics",
]

[[module]]
name = "why-the-standard-model"
