# Generated by inq; do not edit by hand.
format = 1

[dependencies]
arxiv-2002-03318 = "arxiv:2002.03318 v1"

[[module]]
name = "2002.03318"
source = "arxiv"
revision = "v1"
integrity = "sha256:0a0f271945b7380e295f4f4163316fa6de7d47aeaa5d5ffc6ff192ee3ce8c62a"

[[module]]
name = "causal-scale-master"

[[module]]
name = "causal-wall-spectral-calc"

[[module]]
name = "causal-wall-spectral-theory"

[[module]]
name = "compatible-with-existing-physics"

[[module]]
name = "deriving-fine-structure-constant"
links = [
  "deriving-value-of-g",
]

[[module]]
name = "deriving-value-of-g"

[[module]]
name = "scale-as-modular-observable"
links = [
  "causal-scale-master",
]

[[module]]
name = "symmetry-groups-select"
